// !$*UTF8*$!
{
	archiveVersion = 1;
	classes = {
	};
	objectVersion = 77;
	objects = {

/* Begin PBXContainerItemProxy section */
		F28EC9282D344C1500A3088A /* PBXContainerItemProxy */ = {
			isa = PBXContainerItemProxy;
			containerPortal = F28EC90F2D344C1200A3088A /* Project object */;
			proxyType = 1;
			remoteGlobalIDString = F28EC9162D344C1200A3088A;
			remoteInfo = patient_chart_app;
		};
		F28EC9322D344C1500A3088A /* PBXContainerItemProxy */ = {
			isa = PBXContainerItemProxy;
			containerPortal = F28EC90F2D344C1200A3088A /* Project object */;
			proxyType = 1;
			remoteGlobalIDString = F28EC9162D344C1200A3088A;
			remoteInfo = patient_chart_app;
		};
/* End PBXContainerItemProxy section */

/* Begin PBXFileReference section */
		F28EC9172D344C1200A3088A /* patient_chart_app.app */ = {isa = PBXFileReference; explicitFileType = wrapper.application; includeInIndex = 0; path = patient_chart_app.app; sourceTree = BUILT_PRODUCTS_DIR; };
		F28EC9272D344C1500A3088A /* patient_chart_appTests.xctest */ = {isa = PBXFileReference; explicitFileType = wrapper.cfbundle; includeInIndex = 0; path = patient_chart_appTests.xctest; sourceTree = BUILT_PRODUCTS_DIR; };
		F28EC9312D344C1500A3088A /* patient_chart_appUITests.xctest */ = {isa = PBXFileReference; explicitFileType = wrapper.cfbundle; includeInIndex = 0; path = patient_chart_appUITests.xctest; sourceTree = BUILT_PRODUCTS_DIR; };
/* End PBXFileReference section */

/* Begin PBXFileSystemSynchronizedRootGroup section */
		F28EC9192D344C1200A3088A /* patient_chart_app */ = {
			isa = PBXFileSystemSynchronizedRootGroup;
			path = patient_chart_app;
			sourceTree = "<group>";
		};
		F28EC92A2D344C1500A3088A /* patient_chart_appTests */ = {
			isa = PBXFileSystemSynchronizedRootGroup;
			path = patient_chart_appTests;
			sourceTree = "<group>";
		};
		F28EC9342D344C1500A3088A /* patient_chart_appUITests */ = {
			isa = PBXFileSystemSynchronizedRootGroup;
			path = patient_chart_appUITests;
			sourceTree = "<group>";
		};
/* End PBXFileSystemSynchronizedRootGroup section */

/* Begin PBXFrameworksBuildPhase section */
		F28EC9142D344C1200A3088A /* Frameworks */ = {
			isa = PBXFrameworksBuildPhase;
			buildActionMask = 2147483647;
			files = (
			);
			runOnlyForDeploymentPostprocessing = 0;
		};
		F28EC9242D344C1500A3088A /* Frameworks */ = {
			isa = PBXFrameworksBuildPhase;
			buildActionMask = 2147483647;
			files = (
			);
			runOnlyForDeploymentPostprocessing = 0;
		};
		F28EC92E2D344C1500A3088A /* Frameworks */ = {
			isa = PBXFrameworksBuildPhase;
			buildActionMask = 2147483647;
			files = (
			);
			runOnlyForDeploymentPostprocessing = 0;
		};
/* End PBXFrameworksBuildPhase section */

/* Begin PBXGroup section */
		F28EC90E2D344C1200A3088A = {
			isa = PBXGroup;
			children = (
				F28EC9192D344C1200A3088A /* patient_chart_app */,
				F28EC92A2D344C1500A3088A /* patient_chart_appTests */,
				F28EC9342D344C1500A3088A /* patient_chart_appUITests */,
				F28EC9182D344C1200A3088A /* Products */,
			);
			sourceTree = "<group>";
		};
		F28EC9182D344C1200A3088A /* Products */ = {
			isa = PBXGroup;
			children = (
				F28EC9172D344C1200A3088A /* patient_chart_app.app */,
				F28EC9272D344C1500A3088A /* patient_chart_appTests.xctest */,
				F28EC9312D344C1500A3088A /* patient_chart_appUITests.xctest */,
			);
			name = Products;
			sourceTree = "<group>";
		};
/* End PBXGroup section */

/* Begin PBXNativeTarget section */
		F28EC9162D344C1200A3088A /* patient_chart_app */ = {
			isa = PBXNativeTarget;
			buildConfigurationList = F28EC93B2D344C1500A3088A /* Build configuration list for PBXNativeTarget "patient_chart_app" */;
			buildPhases = (
				F28EC9132D344C1200A3088A /* Sources */,
				F28EC9142D344C1200A3088A /* Frameworks */,
				F28EC9152D344C1200A3088A /* Resources */,
			);
			buildRules = (
			);
			dependencies = (
			);
			fileSystemSynchronizedGroups = (
				F28EC9192D344C1200A3088A /* patient_chart_app */,
			);
			name = patient_chart_app;
			packageProductDependencies = (
			);
			productName = patient_chart_app;
			productReference = F28EC9172D344C1200A3088A /* patient_chart_app.app */;
			productType = "com.apple.product-type.application";
		};
		F28EC9262D344C1500A3088A /* patient_chart_appTests */ = {
			isa = PBXNativeTarget;
			buildConfigurationList = F28EC93E2D344C1500A3088A /* Build configuration list for PBXNativeTarget "patient_chart_appTests" */;
			buildPhases = (
				F28EC9232D344C1500A3088A /* Sources */,
				F28EC9242D344C1500A3088A /* Frameworks */,
				F28EC9252D344C1500A3088A /* Resources */,
			);
			buildRules = (
			);
			dependencies = (
				F28EC9292D344C1500A3088A /* PBXTargetDependency */,
			);
			fileSystemSynchronizedGroups = (
				F28EC92A2D344C1500A3088A /* patient_chart_appTests */,
			);
			name = patient_chart_appTests;
			packageProductDependencies = (
			);
			productName = patient_chart_appTests;
			productReference = F28EC9272D344C1500A3088A /* patient_chart_appTests.xctest */;
			productType = "com.apple.product-type.bundle.unit-test";
		};
		F28EC9302D344C1500A3088A /* patient_chart_appUITests */ = {
			isa = PBXNativeTarget;
			buildConfigurationList = F28EC9412D344C1500A3088A /* Build configuration list for PBXNativeTarget "patient_chart_appUITests" */;
			buildPhases = (
				F28EC92D2D344C1500A3088A /* Sources */,
				F28EC92E2D344C1500A3088A /* Frameworks */,
				F28EC92F2D344C1500A3088A /* Resources */,
			);
			buildRules = (
			);
			dependencies = (
				F28EC9332D344C1500A3088A /* PBXTargetDependency */,
			);
			fileSystemSynchronizedGroups = (
				F28EC9342D344C1500A3088A /* patient_chart_appUITests */,
			);
			name = patient_chart_appUITests;
			packageProductDependencies = (
			);
			productName = patient_chart_appUITests;
			productReference = F28EC9312D344C1500A3088A /* patient_chart_appUITests.xctest */;
			productType = "com.apple.product-type.bundle.ui-testing";
		};
/* End PBXNativeTarget section */

/* Begin PBXProject section */
		F28EC90F2D344C1200A3088A /* Project object */ = {
			isa = PBXProject;
			attributes = {
				BuildIndependentTargetsInParallel = 1;
				LastSwiftUpdateCheck = 1620;
				LastUpgradeCheck = 1620;
				TargetAttributes = {
					F28EC9162D344C1200A3088A = {
						CreatedOnToolsVersion = 16.2;
					};
					F28EC9262D344C1500A3088A = {
						CreatedOnToolsVersion = 16.2;
						TestTargetID = F28EC9162D344C1200A3088A;
					};
					F28EC9302D344C1500A3088A = {
						CreatedOnToolsVersion = 16.2;
						TestTargetID = F28EC9162D344C1200A3088A;
					};
				};
			};
			buildConfigurationList = F28EC9122D344C1200A3088A /* Build configuration list for PBXProject "patient_chart_app" */;
			developmentRegion = en;
			hasScannedForEncodings = 0;
			knownRegions = (
				en,
				Base,
			);
			mainGroup = F28EC90E2D344C1200A3088A;
			minimizedProjectReferenceProxies = 1;
			preferredProjectObjectVersion = 77;
			productRefGroup = F28EC9182D344C1200A3088A /* Products */;
			projectDirPath = "";
			projectRoot = "";
			targets = (
				F28EC9162D344C1200A3088A /* patient_chart_app */,
				F28EC9262D344C1500A3088A /* patient_chart_appTests */,
				F28EC9302D344C1500A3088A /* patient_chart_appUITests */,
			);
		};
/* End PBXProject section */

/* Begin PBXResourcesBuildPhase section */
		F28EC9152D344C1200A3088A /* Resources */ = {
			isa = PBXResourcesBuildPhase;
			buildActionMask = 2147483647;
			files = (
			);
			runOnlyForDeploymentPostprocessing = 0;
		};
		F28EC9252D344C1500A3088A /* Resources */ = {
			isa = PBXResourcesBuildPhase;
			buildActionMask = 2147483647;
			files = (
			);
			runOnlyForDeploymentPostprocessing = 0;
		};
		F28EC92F2D344C1500A3088A /* Resources */ = {
			isa = PBXResourcesBuildPhase;
			buildActionMask = 2147483647;
			files = (
			);
			runOnlyForDeploymentPostprocessing = 0;
		};
/* End PBXResourcesBuildPhase section */

/* Begin PBXSourcesBuildPhase section */
		F28EC9132D344C1200A3088A /* Sources */ = {
			isa = PBXSourcesBuildPhase;
			buildActionMask = 2147483647;
			files = (
			);
			runOnlyForDeploymentPostprocessing = 0;
		};
		F28EC9232D344C1500A3088A /* Sources */ = {
			isa = PBXSourcesBuildPhase;
			buildActionMask = 2147483647;
			files = (
			);
			runOnlyForDeploymentPostprocessing = 0;
		};
		F28EC92D2D344C1500A3088A /* Sources */ = {
			isa = PBXSourcesBuildPhase;
			buildActionMask = 2147483647;
			files = (
			);
			runOnlyForDeploymentPostprocessing = 0;
		};
/* End PBXSourcesBuildPhase section */

/* Begin PBXTargetDependency section */
		F28EC9292D344C1500A3088A /* PBXTargetDependency */ = {
			isa = PBXTargetDependency;
			target = F28EC9162D344C1200A3088A /* patient_chart_app */;
			targetProxy = F28EC9282D344C1500A3088A /* PBXContainerItemProxy */;
		};
		F28EC9332D344C1500A3088A /* PBXTargetDependency */ = {
			isa = PBXTargetDependency;
			target = F28EC9162D344C1200A3088A /* patient_chart_app */;
			targetProxy = F28EC9322D344C1500A3088A /* PBXContainerItemProxy */;
		};
/* End PBXTargetDependency section */

/* Begin XCBuildConfiguration section */
		F28EC9392D344C1500A3088A /* Debug */ = {
			isa = XCBuildConfiguration;
			buildSettings = {
				ALWAYS_SEARCH_USER_PATHS = NO;
				ASSETCATALOG_COMPILER_GENERATE_SWIFT_ASSET_SYMBOL_EXTENSIONS = YES;
				CLANG_ANALYZER_NONNULL = YES;
				CLANG_ANALYZER_NUMBER_OBJECT_CONVERSION = YES_AGGRESSIVE;
				CLANG_CXX_LANGUAGE_STANDARD = "gnu++20";
				CLANG_ENABLE_MODULES = YES;
				CLANG_ENABLE_OBJC_ARC = YES;
				CLANG_ENABLE_OBJC_WEAK = YES;
				CLANG_WARN_BLOCK_CAPTURE_AUTORELEASING = YES;
				CLANG_WARN_BOOL_CONVERSION = YES;
				CLANG_WARN_COMMA = YES;
				CLANG_WARN_CONSTANT_CONVERSION = YES;
				CLANG_WARN_DEPRECATED_OBJC_IMPLEMENTATIONS = YES;
				CLANG_WARN_DIRECT_OBJC_ISA_USAGE = YES_ERROR;
				CLANG_WARN_DOCUMENTATION_COMMENTS = YES;
				CLANG_WARN_EMPTY_BODY = YES;
				CLANG_WARN_ENUM_CONVERSION = YES;
				CLANG_WARN_INFINITE_RECURSION = YES;
				CLANG_WARN_INT_CONVERSION = YES;
				CLANG_WARN_NON_LITERAL_NULL_CONVERSION = YES;
				CLANG_WARN_OBJC_IMPLICIT_RETAIN_SELF = YES;
				CLANG_WARN_OBJC_LITERAL_CONVERSION = YES;
				CLANG_WARN_OBJC_ROOT_CLASS = YES_ERROR;
				CLANG_WARN_QUOTED_INCLUDE_IN_FRAMEWORK_HEADER = YES;
				CLANG_WARN_RANGE_LOOP_ANALYSIS = YES;
				CLANG_WARN_STRICT_PROTOTYPES = YES;
				CLANG_WARN_SUSPICIOUS_MOVE = YES;
				CLANG_WARN_UNGUARDED_AVAILABILITY = YES_AGGRESSIVE;
				CLANG_WARN_UNREACHABLE_CODE = YES;
				CLANG_WARN__DUPLICATE_METHOD_MATCH = YES;
				COPY_PHASE_STRIP = NO;
				DEBUG_INFORMATION_FORMAT = dwarf;
				ENABLE_STRICT_OBJC_MSGSEND = YES;
				ENABLE_TESTABILITY = YES;
				ENABLE_USER_SCRIPT_SANDBOXING = YES;
				GCC_C_LANGUAGE_STANDARD = gnu17;
				GCC_DYNAMIC_NO_PIC = NO;
				GCC_NO_COMMON_BLOCKS = YES;
				GCC_OPTIMIZATION_LEVEL = 0;
				GCC_PREPROCESSOR_DEFINITIONS = (
					"DEBUG=1",
					"$(inherited)",
				);
				GCC_WARN_64_TO_32_BIT_CONVERSION = YES;
				GCC_WARN_ABOUT_RETURN_TYPE = YES_ERROR;
				GCC_WARN_UNDECLARED_SELECTOR = YES;
				GCC_WARN_UNINITIALIZED_AUTOS = YES_AGGRESSIVE;
				GCC_WARN_UNUSED_FUNCTION = YES;
				GCC_WARN_UNUSED_VARIABLE = YES;
				IPHONEOS_DEPLOYMENT_TARGET = 18.2;
				LOCALIZATION_PREFERS_STRING_CATALOGS = YES;
				MTL_ENABLE_DEBUG_INFO = INCLUDE_SOURCE;
				MTL_FAST_MATH = YES;
				ONLY_ACTIVE_ARCH = YES;
				SDKROOT = iphoneos;
				SWIFT_ACTIVE_COMPILATION_CONDITIONS = "DEBUG $(inherited)";
				SWIFT_OPTIMIZATION_LEVEL = "-Onone";
			};
			name = Debug;
		};
		F28EC93A2D344C1500A3088A /* Release */ = {
			isa = XCBuildConfiguration;
			buildSettings = {
				ALWAYS_SEARCH_USER_PATHS = NO;
				ASSETCATALOG_COMPILER_GENERATE_SWIFT_ASSET_SYMBOL_EXTENSIONS = YES;
				CLANG_ANALYZER_NONNULL = YES;
				CLANG_ANALYZER_NUMBER_OBJECT_CONVERSION = YES_AGGRESSIVE;
				CLANG_CXX_LANGUAGE_STANDARD = "gnu++20";
				CLANG_ENABLE_MODULES = YES;
				CLANG_ENABLE_OBJC_ARC = YES;
				CLANG_ENABLE_OBJC_WEAK = YES;
				CLANG_WARN_BLOCK_CAPTURE_AUTORELEASING = YES;
				CLANG_WARN_BOOL_CONVERSION = YES;
				CLANG_WARN_COMMA = YES;
				CLANG_WARN_CONSTANT_CONVERSION = YES;
				CLANG_WARN_DEPRECATED_OBJC_IMPLEMENTATIONS = YES;
				CLANG_WARN_DIRECT_OBJC_ISA_USAGE = YES_ERROR;
				CLANG_WARN_DOCUMENTATION_COMMENTS = YES;
				CLANG_WARN_EMPTY_BODY = YES;
				CLANG_WARN_ENUM_CONVERSION = YES;
				CLANG_WARN_INFINITE_RECURSION = YES;
				CLANG_WARN_INT_CONVERSION = YES;
				CLANG_WARN_NON_LITERAL_NULL_CONVERSION = YES;
				CLANG_WARN_OBJC_IMPLICIT_RETAIN_SELF = YES;
				CLANG_WARN_OBJC_LITERAL_CONVERSION = YES;
				CLANG_WARN_OBJC_ROOT_CLASS = YES_ERROR;
				CLANG_WARN_QUOTED_INCLUDE_IN_FRAMEWORK_HEADER = YES;
				CLANG_WARN_RANGE_LOOP_ANALYSIS = YES;
				CLANG_WARN_STRICT_PROTOTYPES = YES;
				CLANG_WARN_SUSPICIOUS_MOVE = YES;
				CLANG_WARN_UNGUARDED_AVAILABILITY = YES_AGGRESSIVE;
				CLANG_WARN_UNREACHABLE_CODE = YES;
				CLANG_WARN__DUPLICATE_METHOD_MATCH = YES;
				COPY_PHASE_STRIP = NO;
				DEBUG_INFORMATION_FORMAT = "dwarf-with-dsym";
				ENABLE_NS_ASSERTIONS = NO;
				ENABLE_STRICT_OBJC_MSGSEND = YES;
				ENABLE_USER_SCRIPT_SANDBOXING = YES;
				GCC_C_LANGUAGE_STANDARD = gnu17;
				GCC_NO_COMMON_BLOCKS = YES;
				GCC_WARN_64_TO_32_BIT_CONVERSION = YES;
				GCC_WARN_ABOUT_RETURN_TYPE = YES_ERROR;
				GCC_WARN_UNDECLARED_SELECTOR = YES;
				GCC_WARN_UNINITIALIZED_AUTOS = YES_AGGRESSIVE;
				GCC_WARN_UNUSED_FUNCTION = YES;
				GCC_WARN_UNUSED_VARIABLE = YES;
				IPHONEOS_DEPLOYMENT_TARGET = 18.2;
				LOCALIZATION_PREFERS_STRING_CATALOGS = YES;
				MTL_ENABLE_DEBUG_INFO = NO;
				MTL_FAST_MATH = YES;
				SDKROOT = iphoneos;
				SWIFT_COMPILATION_MODE = wholemodule;
				VALIDATE_PRODUCT = YES;
			};
			name = Release;
		};
		F28EC93C2D344C1500A3088A /* Debug */ = {
			isa = XCBuildConfiguration;
			buildSettings = {
				ASSETCATALOG_COMPILER_APPICON_NAME = AppIcon;
				ASSETCATALOG_COMPILER_GLOBAL_ACCENT_COLOR_NAME = AccentColor;
				CODE_SIGN_STYLE = Automatic;
				CURRENT_PROJECT_VERSION = 1;
				DEVELOPMENT_ASSET_PATHS = "\"patient_chart_app/Preview Content\"";
				ENABLE_PREVIEWS = YES;
				GENERATE_INFOPLIST_FILE = YES;
				INFOPLIST_KEY_UIApplicationSceneManifest_Generation = YES;
				INFOPLIST_KEY_UIApplicationSupportsIndirectInputEvents = YES;
				INFOPLIST_KEY_UILaunchScreen_Generation = YES;
				INFOPLIST_KEY_UISupportedInterfaceOrientations_iPad = "UIInterfaceOrientationPortrait UIInterfaceOrientationPortraitUpsideDown UIInterfaceOrientationLandscapeLeft UIInterfaceOrientationLandscapeRight";
				INFOPLIST_KEY_UISupportedInterfaceOrientations_iPhone = "UIInterfaceOrientationPortrait UIInterfaceOrientationLandscapeLeft UIInterfaceOrientationLandscapeRight";
				LD_RUNPATH_SEARCH_PATHS = (
					"$(inherited)",
					"@executable_path/Frameworks",
				);
				MARKETING_VERSION = 1.0;
				PRODUCT_BUNDLE_IDENTIFIER = "Cycle.patient-chart-app";
				PRODUCT_NAME = "$(TARGET_NAME)";
				SWIFT_EMIT_LOC_STRINGS = YES;
				SWIFT_VERSION = 5.0;
				TARGETED_DEVICE_FAMILY = "1,2";
			};
			name = Debug;
		};
		F28EC93D2D344C1500A3088A /* Release */ = {
			isa = XCBuildConfiguration;
			buildSettings = {
				ASSETCATALOG_COMPILER_APPICON_NAME = AppIcon;
				ASSETCATALOG_COMPILER_GLOBAL_ACCENT_COLOR_NAME = AccentColor;
				CODE_SIGN_STYLE = Automatic;
				CURRENT_PROJECT_VERSION = 1;
				DEVELOPMENT_ASSET_PATHS = "\"patient_chart_app/Preview Content\"";
				ENABLE_PREVIEWS = YES;
				GENERATE_INFOPLIST_FILE = YES;
				INFOPLIST_KEY_UIApplicationSceneManifest_Generation = YES;
				INFOPLIST_KEY_UIApplicationSupportsIndirectInputEvents = YES;
				INFOPLIST_KEY_UILaunchScreen_Generation = YES;
				INFOPLIST_KEY_UISupportedInterfaceOrientations_iPad = "UIInterfaceOrientationPortrait UIInterfaceOrientationPortraitUpsideDown UIInterfaceOrientationLandscapeLeft UIInterfaceOrientationLandscapeRight";
				INFOPLIST_KEY_UISupportedInterfaceOrientations_iPhone = "UIInterfaceOrientationPortrait UIInterfaceOrientationLandscapeLeft UIInterfaceOrientationLandscapeRight";
				LD_RUNPATH_SEARCH_PATHS = (
					"$(inherited)",
					"@executable_path/Frameworks",
				);
				MARKETING_VERSION = 1.0;
				PRODUCT_BUNDLE_IDENTIFIER = "Cycle.patient-chart-app";
				PRODUCT_NAME = "$(TARGET_NAME)";
				SWIFT_EMIT_LOC_STRINGS = YES;
				SWIFT_VERSION = 5.0;
				TARGETED_DEVICE_FAMILY = "1,2";
			};
			name = Release;
		};
		F28EC93F2D344C1500A3088A /* Debug */ = {
			isa = XCBuildConfiguration;
			buildSettings = {
				BUNDLE_LOADER = "$(TEST_HOST)";
				CODE_SIGN_STYLE = Automatic;
				CURRENT_PROJECT_VERSION = 1;
				GENERATE_INFOPLIST_FILE = YES;
				IPHONEOS_DEPLOYMENT_TARGET = 18.2;
				MARKETING_VERSION = 1.0;
				PRODUCT_BUNDLE_IDENTIFIER = "Cycle.patient-chart-appTests";
				PRODUCT_NAME = "$(TARGET_NAME)";
				SWIFT_EMIT_LOC_STRINGS = NO;
				SWIFT_VERSION = 5.0;
				TARGETED_DEVICE_FAMILY = "1,2";
				TEST_HOST = "$(BUILT_PRODUCTS_DIR)/patient_chart_app.app/$(BUNDLE_EXECUTABLE_FOLDER_PATH)/patient_chart_app";
			};
			name = Debug;
		};
		F28EC9402D344C1500A3088A /* Release */ = {
			isa = XCBuildConfiguration;
			buildSettings = {
				BUNDLE_LOADER = "$(TEST_HOST)";
				CODE_SIGN_STYLE = Automatic;
				CURRENT_PROJECT_VERSION = 1;
				GENERATE_INFOPLIST_FILE = YES;
				IPHONEOS_DEPLOYMENT_TARGET = 18.2;
				MARKETING_VERSION = 1.0;
				PRODUCT_BUNDLE_IDENTIFIER = "Cycle.patient-chart-appTests";
				PRODUCT_NAME = "$(TARGET_NAME)";
				SWIFT_EMIT_LOC_STRINGS = NO;
				SWIFT_VERSION = 5.0;
				TARGETED_DEVICE_FAMILY = "1,2";
				TEST_HOST = "$(BUILT_PRODUCTS_DIR)/patient_chart_app.app/$(BUNDLE_EXECUTABLE_FOLDER_PATH)/patient_chart_app";
			};
			name = Release;
		};
		F28EC9422D344C1500A3088A /* Debug */ = {
			isa = XCBuildConfiguration;
			buildSettings = {
				CODE_SIGN_STYLE = Automatic;
				CURRENT_PROJECT_VERSION = 1;
				GENERATE_INFOPLIST_FILE = YES;
				MARKETING_VERSION = 1.0;
				PRODUCT_BUNDLE_IDENTIFIER = "Cycle.patient-chart-appUITests";
				PRODUCT_NAME = "$(TARGET_NAME)";
				SWIFT_EMIT_LOC_STRINGS = NO;
				SWIFT_VERSION = 5.0;
				TARGETED_DEVICE_FAMILY = "1,2";
				TEST_TARGET_NAME = patient_chart_app;
			};
			name = Debug;
		};
		F28EC9432D344C1500A3088A /* Release */ = {
			isa = XCBuildConfiguration;
			buildSettings = {
				CODE_SIGN_STYLE = Automatic;
				CURRENT_PROJECT_VERSION = 1;
				GENERATE_INFOPLIST_FILE = YES;
				MARKETING_VERSION = 1.0;
				PRODUCT_BUNDLE_IDENTIFIER = "Cycle.patient-chart-appUITests";
				PRODUCT_NAME = "$(TARGET_NAME)";
				SWIFT_EMIT_LOC_STRINGS = NO;
				SWIFT_VERSION = 5.0;
				TARGETED_DEVICE_FAMILY = "1,2";
				TEST_TARGET_NAME = patient_chart_app;
			};
			name = Release;
		};
/* End XCBuildConfiguration section */

/* Begin XCConfigurationList section */
		F28EC9122D344C1200A3088A /* Build configuration list for PBXProject "patient_chart_app" */ = {
			isa = XCConfigurationList;
			buildConfigurations = (
				F28EC9392D344C1500A3088A /* Debug */,
				F28EC93A2D344C1500A3088A /* Release */,
			);
			defaultConfigurationIsVisible = 0;
			defaultConfigurationName = Release;
		};
		F28EC93B2D344C1500A3088A /* Build configuration list for PBXNativeTarget "patient_chart_app" */ = {
			isa = XCConfigurationList;
			buildConfigurations = (
				F28EC93C2D344C1500A3088A /* Debug */,
				F28EC93D2D344C1500A3088A /* Release */,
			);
			defaultConfigurationIsVisible = 0;
			defaultConfigurationName = Release;
		};
		F28EC93E2D344C1500A3088A /* Build configuration list for PBXNativeTarget "patient_chart_appTests" */ = {
			isa = XCConfigurationList;
			buildConfigurations = (
				F28EC93F2D344C1500A3088A /* Debug */,
				F28EC9402D344C1500A3088A /* Release */,
			);
			defaultConfigurationIsVisible = 0;
			defaultConfigurationName = Release;
		};
		F28EC9412D344C1500A3088A /* Build configuration list for PBXNativeTarget "patient_chart_appUITests" */ = {
			isa = XCConfigurationList;
			buildConfigurations = (
				F28EC9422D344C1500A3088A /* Debug */,
				F28EC9432D344C1500A3088A /* Release */,
			);
			defaultConfigurationIsVisible = 0;
			defaultConfigurationName = Release;
		};
/* End XCConfigurationList section */
	};
	rootObject = F28EC90F2D344C1200A3088A /* Project object */;
}
